
Microsoft Visual Studio Solution File, Format Version 12.00
# Visual Studio Version 17
VisualStudioVersion = 17.8.34330.188
MinimumVisualStudioVersion = 10.0.40219.1
Project("{FAE04EC0-301F-11D3-BF4B-00C04F79EFBC}") = "IBKR_Algo", "IBKR_Algo.csproj", "{DA01D8D2-E065-436C-9E52-9A78AED5C332}"
EndProject
Global
	GlobalSection(SolutionConfigurationPlatforms) = preSolution
		Debug|Any CPU = Debug|Any CPU
		Release|Any CPU = Release|Any CPU
	EndGlobalSection
	GlobalSection(ProjectConfigurationPlatforms) = postSolution
		{DA01D8D2-E065-436C-9E52-9A78AED5C332}.Debug|Any CPU.ActiveCfg = Debug|Any CPU
		{DA01D8D2-E065-436C-9E52-9A78AED5C332}.Debug|Any CPU.Build.0 = Debug|Any CPU
		{DA01D8D2-E065-436C-9E52-9A78AED5C332}.Release|Any CPU.ActiveCfg = Release|Any CPU
		{DA01D8D2-E065-436C-9E52-9A78AED5C332}.Release|Any CPU.Build.0 = Release|Any CPU
	EndGlobalSection
	GlobalSection(SolutionProperties) = preSolution
		HideSolutionNode = FALSE
	EndGlobalSection
	GlobalSection(ExtensibilityGlobals) = postSolution
		SolutionGuid = {3D50276A-2250-4F30-9305-43A68DB35533}
	EndGlobalSection
EndGlobal
